
Microsoft Visual Studio Solution File, Format Version 12.00
# Visual Studio 15
VisualStudioVersion = 15.0.28307.421
MinimumVisualStudioVersion = 10.0.40219.1
Project("{FAE04EC0-301F-11D3-BF4B-00C04F79EFBC}") = "BDDAutomation", "BDDAutomation\BDDAutomation.csproj", "{A908F547-7078-4EDD-945E-C5BBF5BD9401}"
EndProject
Global
	GlobalSection(SolutionConfigurationPlatforms) = preSolution
		Debug|Any CPU = Debug|Any CPU
		Release|Any CPU = Release|Any CPU
	EndGlobalSection
	GlobalSection(ProjectConfigurationPlatforms) = postSolution
		{A908F547-7078-4EDD-945E-C5BBF5BD9401}.Debug|Any CPU.ActiveCfg = Debug|Any CPU
		{A908F547-7078-4EDD-945E-C5BBF5BD9401}.Debug|Any CPU.Build.0 = Debug|Any CPU
		{A908F547-7078-4EDD-945E-C5BBF5BD9401}.Release|Any CPU.ActiveCfg = Release|Any CPU
		{A908F547-7078-4EDD-945E-C5BBF5BD9401}.Release|Any CPU.Build.0 = Release|Any CPU
	EndGlobalSection
	GlobalSection(SolutionProperties) = preSolution
		HideSolutionNode = FALSE
	EndGlobalSection
	GlobalSection(ExtensibilityGlobals) = postSolution
		SolutionGuid = {FD66E3C7-3709-4DE9-99C0-3808617675E2}
	EndGlobalSection
EndGlobal
